
Microsoft Visual Studio Solution File, Format Version 12.00
# Visual Studio 15
VisualStudioVersion = 15.0.25928.0
MinimumVisualStudioVersion = 10.0.40219.1
Project("{FAE04EC0-301F-11D3-BF4B-00C04F79EFBC}") = "APGW_CORE", "APGW_CORE\APGW_CORE.csproj", "{7AA43648-A98C-4EA0-9D1F-274EAFE4B34A}"
EndProject
Project("{FAE04EC0-301F-11D3-BF4B-00C04F79EFBC}") = "APGW_Android", "APGW_Android\APGW_Android.csproj", "{32729167-4FCA-4B28-A070-99850F8C8FBD}"
EndProject
Project("{D954291E-2A0B-460D-934E-DC6B0785DB48}") = "Common", "Common\Common.shproj", "{A532245F-F016-4111-AA82-8BF855E63DB0}"
EndProject
Project("{FAE04EC0-301F-11D3-BF4B-00C04F79EFBC}") = "APGW_IOS", "APGW_IOS\APGW_IOS.csproj", "{95681480-3BF5-4A11-8BF7-0468170FB940}"
EndProject
Project("{FAE04EC0-301F-11D3-BF4B-00C04F79EFBC}") = "TEST_CONSOLE", "TEST_CONSOLE\TEST_CONSOLE.csproj", "{F522CEB4-6475-48F6-886F-4FFDC8BB1398}"
EndProject
Project("{2150E333-8FDC-42A3-9474-1A3956D46DE8}") = "New Folder", "New Folder", "{AE1EDA44-8C08-4D13-AAB5-2CEE484C037E}"
EndProject
Project("{FAE04EC0-301F-11D3-BF4B-00C04F79EFBC}") = "iOS_Mqtt_UnitTest", "iOS_Mqtt_UnitTest\iOS_Mqtt_UnitTest.csproj", "{69AEDB4B-0F42-4CAF-8CFC-9CC7805638DF}"
EndProject
Project("{2150E333-8FDC-42A3-9474-1A3956D46DE8}") = "Solution Items", "Solution Items", "{E3EE0355-8E66-433D-A11E-C1B11F68C256}"
	ProjectSection(SolutionItems) = preProject
		MonoDroid\M2Mqtt.Droid.dll = MonoDroid\M2Mqtt.Droid.dll
	EndProjectSection
EndProject
Project("{9344BDBB-3E7F-41FC-A0DD-8665D75EE146}") = "APGW_DOTNET", "APGW_DOTNET\APGW_DOTNET.csproj", "{96FFF4D3-8F95-4849-BB01-246417F518AC}"
EndProject
Project("{9344BDBB-3E7F-41FC-A0DD-8665D75EE146}") = "TEST_APGW_CORE", "TEST_APGW_CORE\TEST_APGW_CORE.csproj", "{FE690A57-3843-4309-AFB4-B6679863A514}"
EndProject
Project("{9344BDBB-3E7F-41FC-A0DD-8665D75EE146}") = "TEST_APGW_IOS_UNIT", "TEST_APGW_IOS_UNIT\TEST_APGW_IOS_UNIT.csproj", "{F10F238D-88F3-4F4C-9DCF-37F3C5071635}"
EndProject
Project("{FAE04EC0-301F-11D3-BF4B-00C04F79EFBC}") = "TEST_APGW_ANDROID_UNIT", "TEST_APGW_ANDROID_UNIT\TEST_APGW_ANDROID_UNIT.csproj", "{138D993C-F99E-452C-A6D1-A2B652F3EACF}"
EndProject
Global
	GlobalSection(SharedMSBuildProjectFiles) = preSolution
		Common\Common.projitems*{32729167-4fca-4b28-a070-99850f8c8fbd}*SharedItemsImports = 4
		Common\Common.projitems*{95681480-3bf5-4a11-8bf7-0468170fb940}*SharedItemsImports = 4
		Common\Common.projitems*{a532245f-f016-4111-aa82-8bf855e63db0}*SharedItemsImports = 13
		Common\Common.projitems*{d7f0e3a0-9709-4bc7-83f7-19a0026a8e9c}*SharedItemsImports = 4
	EndGlobalSection
	GlobalSection(SolutionConfigurationPlatforms) = preSolution
		Ad-Hoc|Any CPU = Ad-Hoc|Any CPU
		Ad-Hoc|iPhone = Ad-Hoc|iPhone
		Ad-Hoc|iPhoneSimulator = Ad-Hoc|iPhoneSimulator
		Ad-Hoc|x86 = Ad-Hoc|x86
		AppStore|Any CPU = AppStore|Any CPU
		AppStore|iPhone = AppStore|iPhone
		AppStore|iPhoneSimulator = AppStore|iPhoneSimulator
		AppStore|x86 = AppStore|x86
		Debug|Any CPU = Debug|Any CPU
		Debug|iPhone = Debug|iPhone
		Debug|iPhoneSimulator = Debug|iPhoneSimulator
		Debug|x86 = Debug|x86
		Release|Any CPU = Release|Any CPU
		Release|iPhone = Release|iPhone
		Release|iPhoneSimulator = Release|iPhoneSimulator
		Release|x86 = Release|x86
	EndGlobalSection
	GlobalSection(ProjectConfigurationPlatforms) = postSolution
		{7AA43648-A98C-4EA0-9D1F-274EAFE4B34A}.Ad-Hoc|Any CPU.ActiveCfg = Release|Any CPU
		{7AA43648-A98C-4EA0-9D1F-274EAFE4B34A}.Ad-Hoc|Any CPU.Build.0 = Release|Any CPU
		{7AA43648-A98C-4EA0-9D1F-274EAFE4B34A}.Ad-Hoc|iPhone.ActiveCfg = Release|Any CPU
		{7AA43648-A98C-4EA0-9D1F-274EAFE4B34A}.Ad-Hoc|iPhone.Build.0 = Release|Any CPU
		{7AA43648-A98C-4EA0-9D1F-274EAFE4B34A}.Ad-Hoc|iPhoneSimulator.ActiveCfg = Release|Any CPU
		{7AA43648-A98C-4EA0-9D1F-274EAFE4B34A}.Ad-Hoc|iPhoneSimulator.Build.0 = Release|Any CPU
		{7AA43648-A98C-4EA0-9D1F-274EAFE4B34A}.Ad-Hoc|x86.ActiveCfg = Release|Any CPU
		{7AA43648-A98C-4EA0-9D1F-274EAFE4B34A}.Ad-Hoc|x86.Build.0 = Release|Any CPU
		{7AA43648-A98C-4EA0-9D1F-274EAFE4B34A}.AppStore|Any CPU.ActiveCfg = Release|Any CPU
		{7AA43648-A98C-4EA0-9D1F-274EAFE4B34A}.AppStore|Any CPU.Build.0 = Release|Any CPU
		{7AA43648-A98C-4EA0-9D1F-274EAFE4B34A}.AppStore|iPhone.ActiveCfg = Release|Any CPU
		{7AA43648-A98C-4EA0-9D1F-274EAFE4B34A}.AppStore|iPhone.Build.0 = Release|Any CPU
		{7AA43648-A98C-4EA0-9D1F-274EAFE4B34A}.AppStore|iPhoneSimulator.ActiveCfg = Release|Any CPU
		{7AA43648-A98C-4EA0-9D1F-274EAFE4B34A}.AppStore|iPhoneSimulator.Build.0 = Release|Any CPU
		{7AA43648-A98C-4EA0-9D1F-274EAFE4B34A}.AppStore|x86.ActiveCfg = Release|Any CPU
		{7AA43648-A98C-4EA0-9D1F-274EAFE4B34A}.AppStore|x86.Build.0 = Release|Any CPU
		{7AA43648-A98C-4EA0-9D1F-274EAFE4B34A}.Debug|Any CPU.ActiveCfg = Debug|Any CPU
		{7AA43648-A98C-4EA0-9D1F-274EAFE4B34A}.Debug|Any CPU.Build.0 = Debug|Any CPU
		{7AA43648-A98C-4EA0-9D1F-274EAFE4B34A}.Debug|iPhone.ActiveCfg = Debug|Any CPU
		{7AA43648-A98C-4EA0-9D1F-274EAFE4B34A}.Debug|iPhone.Build.0 = Debug|Any CPU
		{7AA43648-A98C-4EA0-9D1F-274EAFE4B34A}.Debug|iPhoneSimulator.ActiveCfg = Debug|Any CPU
		{7AA43648-A98C-4EA0-9D1F-274EAFE4B34A}.Debug|iPhoneSimulator.Build.0 = Debug|Any CPU
		{7AA43648-A98C-4EA0-9D1F-274EAFE4B34A}.Debug|x86.ActiveCfg = Debug|Any CPU
		{7AA43648-A98C-4EA0-9D1F-274EAFE4B34A}.Debug|x86.Build.0 = Debug|Any CPU
		{7AA43648-A98C-4EA0-9D1F-274EAFE4B34A}.Release|Any CPU.ActiveCfg = Release|Any CPU
		{7AA43648-A98C-4EA0-9D1F-274EAFE4B34A}.Release|Any CPU.Build.0 = Release|Any CPU
		{7AA43648-A98C-4EA0-9D1F-274EAFE4B34A}.Release|iPhone.ActiveCfg = Release|Any CPU
		{7AA43648-A98C-4EA0-9D1F-274EAFE4B34A}.Release|iPhone.Build.0 = Release|Any CPU
		{7AA43648-A98C-4EA0-9D1F-274EAFE4B34A}.Release|iPhoneSimulator.ActiveCfg = Release|Any CPU
		{7AA43648-A98C-4EA0-9D1F-274EAFE4B34A}.Release|iPhoneSimulator.Build.0 = Release|Any CPU
		{7AA43648-A98C-4EA0-9D1F-274EAFE4B34A}.Release|x86.ActiveCfg = Release|Any CPU
		{7AA43648-A98C-4EA0-9D1F-274EAFE4B34A}.Release|x86.Build.0 = Release|Any CPU
		{32729167-4FCA-4B28-A070-99850F8C8FBD}.Ad-Hoc|Any CPU.ActiveCfg = Release|Any CPU
		{32729167-4FCA-4B28-A070-99850F8C8FBD}.Ad-Hoc|iPhone.ActiveCfg = Release|Any CPU
		{32729167-4FCA-4B28-A070-99850F8C8FBD}.Ad-Hoc|iPhoneSimulator.ActiveCfg = Release|Any CPU
		{32729167-4FCA-4B28-A070-99850F8C8FBD}.Ad-Hoc|x86.ActiveCfg = Release|Any CPU
		{32729167-4FCA-4B28-A070-99850F8C8FBD}.AppStore|Any CPU.ActiveCfg = Release|Any CPU
		{32729167-4FCA-4B28-A070-99850F8C8FBD}.AppStore|iPhone.ActiveCfg = Release|Any CPU
		{32729167-4FCA-4B28-A070-99850F8C8FBD}.AppStore|iPhoneSimulator.ActiveCfg = Release|Any CPU
		{32729167-4FCA-4B28-A070-99850F8C8FBD}.AppStore|x86.ActiveCfg = Release|Any CPU
		{32729167-4FCA-4B28-A070-99850F8C8FBD}.Debug|Any CPU.ActiveCfg = Debug|Any CPU
		{32729167-4FCA-4B28-A070-99850F8C8FBD}.Debug|Any CPU.Build.0 = Debug|Any CPU
		{32729167-4FCA-4B28-A070-99850F8C8FBD}.Debug|iPhone.ActiveCfg = Debug|Any CPU
		{32729167-4FCA-4B28-A070-99850F8C8FBD}.Debug|iPhoneSimulator.ActiveCfg = Debug|Any CPU
		{32729167-4FCA-4B28-A070-99850F8C8FBD}.Debug|x86.ActiveCfg = Debug|Any CPU
		{32729167-4FCA-4B28-A070-99850F8C8FBD}.Debug|x86.Build.0 = Debug|Any CPU
		{32729167-4FCA-4B28-A070-99850F8C8FBD}.Release|Any CPU.ActiveCfg = Release|Any CPU
		{32729167-4FCA-4B28-A070-99850F8C8FBD}.Release|Any CPU.Build.0 = Release|Any CPU
		{32729167-4FCA-4B28-A070-99850F8C8FBD}.Release|iPhone.ActiveCfg = Release|Any CPU
		{32729167-4FCA-4B28-A070-99850F8C8FBD}.Release|iPhoneSimulator.ActiveCfg = Release|Any CPU
		{32729167-4FCA-4B28-A070-99850F8C8FBD}.Release|x86.ActiveCfg = Release|Any CPU
		{32729167-4FCA-4B28-A070-99850F8C8FBD}.Release|x86.Build.0 = Release|Any CPU
		{95681480-3BF5-4A11-8BF7-0468170FB940}.Ad-Hoc|Any CPU.ActiveCfg = Release|Any CPU
		{95681480-3BF5-4A11-8BF7-0468170FB940}.Ad-Hoc|Any CPU.Build.0 = Release|Any CPU
		{95681480-3BF5-4A11-8BF7-0468170FB940}.Ad-Hoc|iPhone.ActiveCfg = Release|Any CPU
		{95681480-3BF5-4A11-8BF7-0468170FB940}.Ad-Hoc|iPhone.Build.0 = Release|Any CPU
		{95681480-3BF5-4A11-8BF7-0468170FB940}.Ad-Hoc|iPhoneSimulator.ActiveCfg = Release|Any CPU
		{95681480-3BF5-4A11-8BF7-0468170FB940}.Ad-Hoc|iPhoneSimulator.Build.0 = Release|Any CPU
		{95681480-3BF5-4A11-8BF7-0468170FB940}.Ad-Hoc|x86.ActiveCfg = Release|Any CPU
		{95681480-3BF5-4A11-8BF7-0468170FB940}.Ad-Hoc|x86.Build.0 = Release|Any CPU
		{95681480-3BF5-4A11-8BF7-0468170FB940}.AppStore|Any CPU.ActiveCfg = Release|Any CPU
		{95681480-3BF5-4A11-8BF7-0468170FB940}.AppStore|Any CPU.Build.0 = Release|Any CPU
		{95681480-3BF5-4A11-8BF7-0468170FB940}.AppStore|iPhone.ActiveCfg = Release|Any CPU
		{95681480-3BF5-4A11-8BF7-0468170FB940}.AppStore|iPhone.Build.0 = Release|Any CPU
		{95681480-3BF5-4A11-8BF7-0468170FB940}.AppStore|iPhoneSimulator.ActiveCfg = Release|Any CPU
		{95681480-3BF5-4A11-8BF7-0468170FB940}.AppStore|iPhoneSimulator.Build.0 = Release|Any CPU
		{95681480-3BF5-4A11-8BF7-0468170FB940}.AppStore|x86.ActiveCfg = Release|Any CPU
		{95681480-3BF5-4A11-8BF7-0468170FB940}.AppStore|x86.Build.0 = Release|Any CPU
		{95681480-3BF5-4A11-8BF7-0468170FB940}.Debug|Any CPU.ActiveCfg = Debug|Any CPU
		{95681480-3BF5-4A11-8BF7-0468170FB940}.Debug|Any CPU.Build.0 = Debug|Any CPU
		{95681480-3BF5-4A11-8BF7-0468170FB940}.Debug|iPhone.ActiveCfg = Debug|Any CPU
		{95681480-3BF5-4A11-8BF7-0468170FB940}.Debug|iPhone.Build.0 = Debug|Any CPU
		{95681480-3BF5-4A11-8BF7-0468170FB940}.Debug|iPhoneSimulator.ActiveCfg = Debug|Any CPU
		{95681480-3BF5-4A11-8BF7-0468170FB940}.Debug|iPhoneSimulator.Build.0 = Debug|Any CPU
		{95681480-3BF5-4A11-8BF7-0468170FB940}.Debug|x86.ActiveCfg = Debug|Any CPU
		{95681480-3BF5-4A11-8BF7-0468170FB940}.Debug|x86.Build.0 = Debug|Any CPU
		{95681480-3BF5-4A11-8BF7-0468170FB940}.Release|Any CPU.ActiveCfg = Release|Any CPU
		{95681480-3BF5-4A11-8BF7-0468170FB940}.Release|Any CPU.Build.0 = Release|Any CPU
		{95681480-3BF5-4A11-8BF7-0468170FB940}.Release|iPhone.ActiveCfg = Release|Any CPU
		{95681480-3BF5-4A11-8BF7-0468170FB940}.Release|iPhone.Build.0 = Release|Any CPU
		{95681480-3BF5-4A11-8BF7-0468170FB940}.Release|iPhoneSimulator.ActiveCfg = Release|Any CPU
		{95681480-3BF5-4A11-8BF7-0468170FB940}.Release|iPhoneSimulator.Build.0 = Release|Any CPU
		{95681480-3BF5-4A11-8BF7-0468170FB940}.Release|x86.ActiveCfg = Release|Any CPU
		{95681480-3BF5-4A11-8BF7-0468170FB940}.Release|x86.Build.0 = Release|Any CPU
		{F522CEB4-6475-48F6-886F-4FFDC8BB1398}.Ad-Hoc|Any CPU.ActiveCfg = Release|Any CPU
		{F522CEB4-6475-48F6-886F-4FFDC8BB1398}.Ad-Hoc|iPhone.ActiveCfg = Release|Any CPU
		{F522CEB4-6475-48F6-886F-4FFDC8BB1398}.Ad-Hoc|iPhoneSimulator.ActiveCfg = Release|Any CPU
		{F522CEB4-6475-48F6-886F-4FFDC8BB1398}.Ad-Hoc|x86.ActiveCfg = Release|Any CPU
		{F522CEB4-6475-48F6-886F-4FFDC8BB1398}.AppStore|Any CPU.ActiveCfg = Release|Any CPU
		{F522CEB4-6475-48F6-886F-4FFDC8BB1398}.AppStore|iPhone.ActiveCfg = Release|Any CPU
		{F522CEB4-6475-48F6-886F-4FFDC8BB1398}.AppStore|iPhoneSimulator.ActiveCfg = Release|Any CPU
		{F522CEB4-6475-48F6-886F-4FFDC8BB1398}.AppStore|x86.ActiveCfg = Release|Any CPU
		{F522CEB4-6475-48F6-886F-4FFDC8BB1398}.Debug|Any CPU.ActiveCfg = Debug|Any CPU
		{F522CEB4-6475-48F6-886F-4FFDC8BB1398}.Debug|Any CPU.Build.0 = Debug|Any CPU
		{F522CEB4-6475-48F6-886F-4FFDC8BB1398}.Debug|iPhone.ActiveCfg = Debug|Any CPU
		{F522CEB4-6475-48F6-886F-4FFDC8BB1398}.Debug|iPhoneSimulator.ActiveCfg = Debug|Any CPU
		{F522CEB4-6475-48F6-886F-4FFDC8BB1398}.Debug|x86.ActiveCfg = Debug|Any CPU
		{F522CEB4-6475-48F6-886F-4FFDC8BB1398}.Debug|x86.Build.0 = Debug|Any CPU
		{F522CEB4-6475-48F6-886F-4FFDC8BB1398}.Release|Any CPU.ActiveCfg = Release|Any CPU
		{F522CEB4-6475-48F6-886F-4FFDC8BB1398}.Release|Any CPU.Build.0 = Release|Any CPU
		{F522CEB4-6475-48F6-886F-4FFDC8BB1398}.Release|iPhone.ActiveCfg = Release|Any CPU
		{F522CEB4-6475-48F6-886F-4FFDC8BB1398}.Release|iPhoneSimulator.ActiveCfg = Release|Any CPU
		{F522CEB4-6475-48F6-886F-4FFDC8BB1398}.Release|x86.ActiveCfg = Release|Any CPU
		{F522CEB4-6475-48F6-886F-4FFDC8BB1398}.Release|x86.Build.0 = Release|Any CPU
		{69AEDB4B-0F42-4CAF-8CFC-9CC7805638DF}.Ad-Hoc|Any CPU.ActiveCfg = Ad-Hoc|iPhone
		{69AEDB4B-0F42-4CAF-8CFC-9CC7805638DF}.Ad-Hoc|iPhone.ActiveCfg = Ad-Hoc|iPhone
		{69AEDB4B-0F42-4CAF-8CFC-9CC7805638DF}.Ad-Hoc|iPhone.Build.0 = Ad-Hoc|iPhone
		{69AEDB4B-0F42-4CAF-8CFC-9CC7805638DF}.Ad-Hoc|iPhoneSimulator.ActiveCfg = Ad-Hoc|iPhoneSimulator
		{69AEDB4B-0F42-4CAF-8CFC-9CC7805638DF}.Ad-Hoc|iPhoneSimulator.Build.0 = Ad-Hoc|iPhoneSimulator
		{69AEDB4B-0F42-4CAF-8CFC-9CC7805638DF}.Ad-Hoc|x86.ActiveCfg = Ad-Hoc|iPhone
		{69AEDB4B-0F42-4CAF-8CFC-9CC7805638DF}.AppStore|Any CPU.ActiveCfg = AppStore|iPhone
		{69AEDB4B-0F42-4CAF-8CFC-9CC7805638DF}.AppStore|iPhone.ActiveCfg = AppStore|iPhone
		{69AEDB4B-0F42-4CAF-8CFC-9CC7805638DF}.AppStore|iPhone.Build.0 = AppStore|iPhone
		{69AEDB4B-0F42-4CAF-8CFC-9CC7805638DF}.AppStore|iPhoneSimulator.ActiveCfg = AppStore|iPhoneSimulator
		{69AEDB4B-0F42-4CAF-8CFC-9CC7805638DF}.AppStore|iPhoneSimulator.Build.0 = AppStore|iPhoneSimulator
		{69AEDB4B-0F42-4CAF-8CFC-9CC7805638DF}.AppStore|x86.ActiveCfg = AppStore|iPhone
		{69AEDB4B-0F42-4CAF-8CFC-9CC7805638DF}.Debug|Any CPU.ActiveCfg = Debug|iPhone
		{69AEDB4B-0F42-4CAF-8CFC-9CC7805638DF}.Debug|iPhone.ActiveCfg = Debug|iPhone
		{69AEDB4B-0F42-4CAF-8CFC-9CC7805638DF}.Debug|iPhone.Build.0 = Debug|iPhone
		{69AEDB4B-0F42-4CAF-8CFC-9CC7805638DF}.Debug|iPhoneSimulator.ActiveCfg = Debug|iPhoneSimulator
		{69AEDB4B-0F42-4CAF-8CFC-9CC7805638DF}.Debug|iPhoneSimulator.Build.0 = Debug|iPhoneSimulator
		{69AEDB4B-0F42-4CAF-8CFC-9CC7805638DF}.Debug|x86.ActiveCfg = Debug|iPhone
		{69AEDB4B-0F42-4CAF-8CFC-9CC7805638DF}.Release|Any CPU.ActiveCfg = Release|iPhone
		{69AEDB4B-0F42-4CAF-8CFC-9CC7805638DF}.Release|iPhone.ActiveCfg = Release|iPhone
		{69AEDB4B-0F42-4CAF-8CFC-9CC7805638DF}.Release|iPhone.Build.0 = Release|iPhone
		{69AEDB4B-0F42-4CAF-8CFC-9CC7805638DF}.Release|iPhoneSimulator.ActiveCfg = Release|iPhoneSimulator
		{69AEDB4B-0F42-4CAF-8CFC-9CC7805638DF}.Release|iPhoneSimulator.Build.0 = Release|iPhoneSimulator
		{69AEDB4B-0F42-4CAF-8CFC-9CC7805638DF}.Release|x86.ActiveCfg = Release|iPhone
		{96FFF4D3-8F95-4849-BB01-246417F518AC}.Ad-Hoc|Any CPU.ActiveCfg = Release|Any CPU
		{96FFF4D3-8F95-4849-BB01-246417F518AC}.Ad-Hoc|Any CPU.Build.0 = Release|Any CPU
		{96FFF4D3-8F95-4849-BB01-246417F518AC}.Ad-Hoc|iPhone.ActiveCfg = Release|Any CPU
		{96FFF4D3-8F95-4849-BB01-246417F518AC}.Ad-Hoc|iPhone.Build.0 = Release|Any CPU
		{96FFF4D3-8F95-4849-BB01-246417F518AC}.Ad-Hoc|iPhoneSimulator.ActiveCfg = Release|Any CPU
		{96FFF4D3-8F95-4849-BB01-246417F518AC}.Ad-Hoc|iPhoneSimulator.Build.0 = Release|Any CPU
		{96FFF4D3-8F95-4849-BB01-246417F518AC}.Ad-Hoc|x86.ActiveCfg = Release|Any CPU
		{96FFF4D3-8F95-4849-BB01-246417F518AC}.Ad-Hoc|x86.Build.0 = Release|Any CPU
		{96FFF4D3-8F95-4849-BB01-246417F518AC}.AppStore|Any CPU.ActiveCfg = Release|Any CPU
		{96FFF4D3-8F95-4849-BB01-246417F518AC}.AppStore|Any CPU.Build.0 = Release|Any CPU
		{96FFF4D3-8F95-4849-BB01-246417F518AC}.AppStore|iPhone.ActiveCfg = Release|Any CPU
		{96FFF4D3-8F95-4849-BB01-246417F518AC}.AppStore|iPhone.Build.0 = Release|Any CPU
		{96FFF4D3-8F95-4849-BB01-246417F518AC}.AppStore|iPhoneSimulator.ActiveCfg = Release|Any CPU
		{96FFF4D3-8F95-4849-BB01-246417F518AC}.AppStore|iPhoneSimulator.Build.0 = Release|Any CPU
		{96FFF4D3-8F95-4849-BB01-246417F518AC}.AppStore|x86.ActiveCfg = Release|Any CPU
		{96FFF4D3-8F95-4849-BB01-246417F518AC}.AppStore|x86.Build.0 = Release|Any CPU
		{96FFF4D3-8F95-4849-BB01-246417F518AC}.Debug|Any CPU.ActiveCfg = Debug|Any CPU
		{96FFF4D3-8F95-4849-BB01-246417F518AC}.Debug|Any CPU.Build.0 = Debug|Any CPU
		{96FFF4D3-8F95-4849-BB01-246417F518AC}.Debug|iPhone.ActiveCfg = Debug|Any CPU
		{96FFF4D3-8F95-4849-BB01-246417F518AC}.Debug|iPhone.Build.0 = Debug|Any CPU
		{96FFF4D3-8F95-4849-BB01-246417F518AC}.Debug|iPhoneSimulator.ActiveCfg = Debug|Any CPU
		{96FFF4D3-8F95-4849-BB01-246417F518AC}.Debug|iPhoneSimulator.Build.0 = Debug|Any CPU
		{96FFF4D3-8F95-4849-BB01-246417F518AC}.Debug|x86.ActiveCfg = Debug|Any CPU
		{96FFF4D3-8F95-4849-BB01-246417F518AC}.Debug|x86.Build.0 = Debug|Any CPU
		{96FFF4D3-8F95-4849-BB01-246417F518AC}.Release|Any CPU.ActiveCfg = Release|Any CPU
		{96FFF4D3-8F95-4849-BB01-246417F518AC}.Release|Any CPU.Build.0 = Release|Any CPU
		{96FFF4D3-8F95-4849-BB01-246417F518AC}.Release|iPhone.ActiveCfg = Release|Any CPU
		{96FFF4D3-8F95-4849-BB01-246417F518AC}.Release|iPhone.Build.0 = Release|Any CPU
		{96FFF4D3-8F95-4849-BB01-246417F518AC}.Release|iPhoneSimulator.ActiveCfg = Release|Any CPU
		{96FFF4D3-8F95-4849-BB01-246417F518AC}.Release|iPhoneSimulator.Build.0 = Release|Any CPU
		{96FFF4D3-8F95-4849-BB01-246417F518AC}.Release|x86.ActiveCfg = Release|Any CPU
		{96FFF4D3-8F95-4849-BB01-246417F518AC}.Release|x86.Build.0 = Release|Any CPU
		{FE690A57-3843-4309-AFB4-B6679863A514}.Ad-Hoc|Any CPU.ActiveCfg = Release|Any CPU
		{FE690A57-3843-4309-AFB4-B6679863A514}.Ad-Hoc|Any CPU.Build.0 = Release|Any CPU
		{FE690A57-3843-4309-AFB4-B6679863A514}.Ad-Hoc|iPhone.ActiveCfg = Release|Any CPU
		{FE690A57-3843-4309-AFB4-B6679863A514}.Ad-Hoc|iPhone.Build.0 = Release|Any CPU
		{FE690A57-3843-4309-AFB4-B6679863A514}.Ad-Hoc|iPhoneSimulator.ActiveCfg = Release|Any CPU
		{FE690A57-3843-4309-AFB4-B6679863A514}.Ad-Hoc|iPhoneSimulator.Build.0 = Release|Any CPU
		{FE690A57-3843-4309-AFB4-B6679863A514}.Ad-Hoc|x86.ActiveCfg = Release|Any CPU
		{FE690A57-3843-4309-AFB4-B6679863A514}.Ad-Hoc|x86.Build.0 = Release|Any CPU
		{FE690A57-3843-4309-AFB4-B6679863A514}.AppStore|Any CPU.ActiveCfg = Release|Any CPU
		{FE690A57-3843-4309-AFB4-B6679863A514}.AppStore|Any CPU.Build.0 = Release|Any CPU
		{FE690A57-3843-4309-AFB4-B6679863A514}.AppStore|iPhone.ActiveCfg = Release|Any CPU
		{FE690A57-3843-4309-AFB4-B6679863A514}.AppStore|iPhone.Build.0 = Release|Any CPU
		{FE690A57-3843-4309-AFB4-B6679863A514}.AppStore|iPhoneSimulator.ActiveCfg = Release|Any CPU
		{FE690A57-3843-4309-AFB4-B6679863A514}.AppStore|iPhoneSimulator.Build.0 = Release|Any CPU
		{FE690A57-3843-4309-AFB4-B6679863A514}.AppStore|x86.ActiveCfg = Release|Any CPU
		{FE690A57-3843-4309-AFB4-B6679863A514}.AppStore|x86.Build.0 = Release|Any CPU
		{FE690A57-3843-4309-AFB4-B6679863A514}.Debug|Any CPU.ActiveCfg = Debug|Any CPU
		{FE690A57-3843-4309-AFB4-B6679863A514}.Debug|Any CPU.Build.0 = Debug|Any CPU
		{FE690A57-3843-4309-AFB4-B6679863A514}.Debug|iPhone.ActiveCfg = Debug|Any CPU
		{FE690A57-3843-4309-AFB4-B6679863A514}.Debug|iPhone.Build.0 = Debug|Any CPU
		{FE690A57-3843-4309-AFB4-B6679863A514}.Debug|iPhoneSimulator.ActiveCfg = Debug|Any CPU
		{FE690A57-3843-4309-AFB4-B6679863A514}.Debug|iPhoneSimulator.Build.0 = Debug|Any CPU
		{FE690A57-3843-4309-AFB4-B6679863A514}.Debug|x86.ActiveCfg = Debug|Any CPU
		{FE690A57-3843-4309-AFB4-B6679863A514}.Debug|x86.Build.0 = Debug|Any CPU
		{FE690A57-3843-4309-AFB4-B6679863A514}.Release|Any CPU.ActiveCfg = Release|Any CPU
		{FE690A57-3843-4309-AFB4-B6679863A514}.Release|Any CPU.Build.0 = Release|Any CPU
		{FE690A57-3843-4309-AFB4-B6679863A514}.Release|iPhone.ActiveCfg = Release|Any CPU
		{FE690A57-3843-4309-AFB4-B6679863A514}.Release|iPhone.Build.0 = Release|Any CPU
		{FE690A57-3843-4309-AFB4-B6679863A514}.Release|iPhoneSimulator.ActiveCfg = Release|Any CPU
		{FE690A57-3843-4309-AFB4-B6679863A514}.Release|iPhoneSimulator.Build.0 = Release|Any CPU
		{FE690A57-3843-4309-AFB4-B6679863A514}.Release|x86.ActiveCfg = Release|Any CPU
		{FE690A57-3843-4309-AFB4-B6679863A514}.Release|x86.Build.0 = Release|Any CPU
		{F10F238D-88F3-4F4C-9DCF-37F3C5071635}.Ad-Hoc|Any CPU.ActiveCfg = Release|Any CPU
		{F10F238D-88F3-4F4C-9DCF-37F3C5071635}.Ad-Hoc|Any CPU.Build.0 = Release|Any CPU
		{F10F238D-88F3-4F4C-9DCF-37F3C5071635}.Ad-Hoc|iPhone.ActiveCfg = Release|Any CPU
		{F10F238D-88F3-4F4C-9DCF-37F3C5071635}.Ad-Hoc|iPhone.Build.0 = Release|Any CPU
		{F10F238D-88F3-4F4C-9DCF-37F3C5071635}.Ad-Hoc|iPhoneSimulator.ActiveCfg = Release|Any CPU
		{F10F238D-88F3-4F4C-9DCF-37F3C5071635}.Ad-Hoc|iPhoneSimulator.Build.0 = Release|Any CPU
		{F10F238D-88F3-4F4C-9DCF-37F3C5071635}.Ad-Hoc|x86.ActiveCfg = Release|Any CPU
		{F10F238D-88F3-4F4C-9DCF-37F3C5071635}.Ad-Hoc|x86.Build.0 = Release|Any CPU
		{F10F238D-88F3-4F4C-9DCF-37F3C5071635}.AppStore|Any CPU.ActiveCfg = Release|Any CPU
		{F10F238D-88F3-4F4C-9DCF-37F3C5071635}.AppStore|Any CPU.Build.0 = Release|Any CPU
		{F10F238D-88F3-4F4C-9DCF-37F3C5071635}.AppStore|iPhone.ActiveCfg = Release|Any CPU
		{F10F238D-88F3-4F4C-9DCF-37F3C5071635}.AppStore|iPhone.Build.0 = Release|Any CPU
		{F10F238D-88F3-4F4C-9DCF-37F3C5071635}.AppStore|iPhoneSimulator.ActiveCfg = Release|Any CPU
		{F10F238D-88F3-4F4C-9DCF-37F3C5071635}.AppStore|iPhoneSimulator.Build.0 = Release|Any CPU
		{F10F238D-88F3-4F4C-9DCF-37F3C5071635}.AppStore|x86.ActiveCfg = Release|Any CPU
		{F10F238D-88F3-4F4C-9DCF-37F3C5071635}.AppStore|x86.Build.0 = Release|Any CPU
		{F10F238D-88F3-4F4C-9DCF-37F3C5071635}.Debug|Any CPU.ActiveCfg = Debug|Any CPU
		{F10F238D-88F3-4F4C-9DCF-37F3C5071635}.Debug|Any CPU.Build.0 = Debug|Any CPU
		{F10F238D-88F3-4F4C-9DCF-37F3C5071635}.Debug|iPhone.ActiveCfg = Debug|Any CPU
		{F10F238D-88F3-4F4C-9DCF-37F3C5071635}.Debug|iPhone.Build.0 = Debug|Any CPU
		{F10F238D-88F3-4F4C-9DCF-37F3C5071635}.Debug|iPhoneSimulator.ActiveCfg = Debug|Any CPU
		{F10F238D-88F3-4F4C-9DCF-37F3C5071635}.Debug|iPhoneSimulator.Build.0 = Debug|Any CPU
		{F10F238D-88F3-4F4C-9DCF-37F3C5071635}.Debug|x86.ActiveCfg = Debug|Any CPU
		{F10F238D-88F3-4F4C-9DCF-37F3C5071635}.Debug|x86.Build.0 = Debug|Any CPU
		{F10F238D-88F3-4F4C-9DCF-37F3C5071635}.Release|Any CPU.ActiveCfg = Release|Any CPU
		{F10F238D-88F3-4F4C-9DCF-37F3C5071635}.Release|Any CPU.Build.0 = Release|Any CPU
		{F10F238D-88F3-4F4C-9DCF-37F3C5071635}.Release|iPhone.ActiveCfg = Release|Any CPU
		{F10F238D-88F3-4F4C-9DCF-37F3C5071635}.Release|iPhone.Build.0 = Release|Any CPU
		{F10F238D-88F3-4F4C-9DCF-37F3C5071635}.Release|iPhoneSimulator.ActiveCfg = Release|Any CPU
		{F10F238D-88F3-4F4C-9DCF-37F3C5071635}.Release|iPhoneSimulator.Build.0 = Release|Any CPU
		{F10F238D-88F3-4F4C-9DCF-37F3C5071635}.Release|x86.ActiveCfg = Release|Any CPU
		{F10F238D-88F3-4F4C-9DCF-37F3C5071635}.Release|x86.Build.0 = Release|Any CPU
		{138D993C-F99E-452C-A6D1-A2B652F3EACF}.Ad-Hoc|Any CPU.ActiveCfg = Release|Any CPU
		{138D993C-F99E-452C-A6D1-A2B652F3EACF}.Ad-Hoc|iPhone.ActiveCfg = Release|Any CPU
		{138D993C-F99E-452C-A6D1-A2B652F3EACF}.Ad-Hoc|iPhoneSimulator.ActiveCfg = Release|Any CPU
		{138D993C-F99E-452C-A6D1-A2B652F3EACF}.Ad-Hoc|x86.ActiveCfg = Release|Any CPU
		{138D993C-F99E-452C-A6D1-A2B652F3EACF}.AppStore|Any CPU.ActiveCfg = Release|Any CPU
		{138D993C-F99E-452C-A6D1-A2B652F3EACF}.AppStore|iPhone.ActiveCfg = Release|Any CPU
		{138D993C-F99E-452C-A6D1-A2B652F3EACF}.AppStore|iPhoneSimulator.ActiveCfg = Release|Any CPU
		{138D993C-F99E-452C-A6D1-A2B652F3EACF}.AppStore|x86.ActiveCfg = Release|Any CPU
		{138D993C-F99E-452C-A6D1-A2B652F3EACF}.Debug|Any CPU.ActiveCfg = Debug|Any CPU
		{138D993C-F99E-452C-A6D1-A2B652F3EACF}.Debug|Any CPU.Build.0 = Debug|Any CPU
		{138D993C-F99E-452C-A6D1-A2B652F3EACF}.Debug|iPhone.ActiveCfg = Debug|Any CPU
		{138D993C-F99E-452C-A6D1-A2B652F3EACF}.Debug|iPhoneSimulator.ActiveCfg = Debug|Any CPU
		{138D993C-F99E-452C-A6D1-A2B652F3EACF}.Debug|x86.ActiveCfg = Debug|Any CPU
		{138D993C-F99E-452C-A6D1-A2B652F3EACF}.Debug|x86.Build.0 = Debug|Any CPU
		{138D993C-F99E-452C-A6D1-A2B652F3EACF}.Release|Any CPU.ActiveCfg = Release|Any CPU
		{138D993C-F99E-452C-A6D1-A2B652F3EACF}.Release|Any CPU.Build.0 = Release|Any CPU
		{138D993C-F99E-452C-A6D1-A2B652F3EACF}.Release|iPhone.ActiveCfg = Release|Any CPU
		{138D993C-F99E-452C-A6D1-A2B652F3EACF}.Release|iPhoneSimulator.ActiveCfg = Release|Any CPU
		{138D993C-F99E-452C-A6D1-A2B652F3EACF}.Release|x86.ActiveCfg = Release|Any CPU
		{138D993C-F99E-452C-A6D1-A2B652F3EACF}.Release|x86.Build.0 = Release|Any CPU
	EndGlobalSection
	GlobalSection(SolutionProperties) = preSolution
		HideSolutionNode = FALSE
	EndGlobalSection
EndGlobal
